
Microsoft Visual Studio Solution File, Format Version 12.00
# Visual Studio 2012
Project("{FAE04EC0-301F-11D3-BF4B-00C04F79EFBC}") = "SchoolApp", "SchoolApp\SchoolApp.csproj", "{BB73499C-0964-4A0E-A95E-D24599BF14F4}"
EndProject
Global
	GlobalSection(SolutionConfigurationPlatforms) = preSolution
		Debug|Any CPU = Debug|Any CPU
		Release|Any CPU = Release|Any CPU
	EndGlobalSection
	GlobalSection(ProjectConfigurationPlatforms) = postSolution
		{BB73499C-0964-4A0E-A95E-D24599BF14F4}.Debug|Any CPU.ActiveCfg = Debug|Any CPU
		{BB73499C-0964-4A0E-A95E-D24599BF14F4}.Debug|Any CPU.Build.0 = Debug|Any CPU
		{BB73499C-0964-4A0E-A95E-D24599BF14F4}.Release|Any CPU.ActiveCfg = Release|Any CPU
		{BB73499C-0964-4A0E-A95E-D24599BF14F4}.Release|Any CPU.Build.0 = Release|Any CPU
	EndGlobalSection
	GlobalSection(SolutionProperties) = preSolution
		HideSolutionNode = FALSE
	EndGlobalSection
EndGlobal
